
Microsoft Visual Studio Solution File, Format Version 12.00
# Visual Studio Version 17
VisualStudioVersion = 17.14.36212.18 d17.14
MinimumVisualStudioVersion = 10.0.40219.1
Project("{FAE04EC0-301F-11D3-BF4B-00C04F79EFBC}") = "Ampero2PresetConverter", "Ampero2PresetConverter\Ampero2PresetConverter.csproj", "{3F0FEE6B-04E4-4F25-AD50-BF5FB4525B4C}"
EndProject
Global
	GlobalSection(SolutionConfigurationPlatforms) = preSolution
		Debug|Any CPU = Debug|Any CPU
		Release|Any CPU = Release|Any CPU
	EndGlobalSection
	GlobalSection(ProjectConfigurationPlatforms) = postSolution
		{3F0FEE6B-04E4-4F25-AD50-BF5FB4525B4C}.Debug|Any CPU.ActiveCfg = Debug|Any CPU
		{3F0FEE6B-04E4-4F25-AD50-BF5FB4525B4C}.Debug|Any CPU.Build.0 = Debug|Any CPU
		{3F0FEE6B-04E4-4F25-AD50-BF5FB4525B4C}.Release|Any CPU.ActiveCfg = Release|Any CPU
		{3F0FEE6B-04E4-4F25-AD50-BF5FB4525B4C}.Release|Any CPU.Build.0 = Release|Any CPU
	EndGlobalSection
	GlobalSection(SolutionProperties) = preSolution
		HideSolutionNode = FALSE
	EndGlobalSection
	GlobalSection(ExtensibilityGlobals) = postSolution
		SolutionGuid = {18D0919E-C007-4B0C-B639-E3AA9998EE2D}
	EndGlobalSection
EndGlobal
